<?xml version="1.0" encoding="utf-8"?>
<Project ToolsVersion="4.0" xmlns="http://schemas.microsoft.com/developer/msbuild/2003">
  <ItemGroup>
    <Filter Include="Source Files">
      <UniqueIdentifier>{c13e045e-f2eb-490a-a1dd-0f1569cc4339}</UniqueIdentifier>
      <Extensions>cpp</Extensions>
    </Filter>
    <Filter Include="Header Files">
      <UniqueIdentifier>{0ecd21c4-1f2e-4c59-93d2-b8162d8faef1}</UniqueIdentifier>
      <Extensions>h</Extensions>
    </Filter>
  </ItemGroup>
  <ItemGroup>
    <ClCompile Include="ImageC.cpp">
      <Filter>Source Files</Filter>
    </ClCompile>
    <ClCompile Include="Frame\MainWindow.cpp">
      <Filter>Source Files</Filter>
    </ClCompile>
    <ClCompile Include="Dialog\TLinealDialog.cpp">
      <Filter>Source Files</Filter>
    </ClCompile>
    <ClCompile Include="Dialog\BCLinealDialog.cpp">
      <Filter>Source Files</Filter>
    </ClCompile>
    <ClCompile Include="Dialog\HEspecificationDialog.cpp">
      <Filter>Source Files</Filter>
    </ClCompile>
    <ClCompile Include="Frame\HistogramFrame.cpp">
      <Filter>Source Files</Filter>
    </ClCompile>
    <ClCompile Include="Frame\ImageFrame.cpp">
      <Filter>Source Files</Filter>
    </ClCompile>
    <ClCompile Include="Frame\ImageInfoFrame.cpp">
      <Filter>Source Files</Filter>
    </ClCompile>
    <ClCompile Include="Panel\HistogramPanel.cpp">
      <Filter>Source Files</Filter>
    </ClCompile>
    <ClCompile Include="Panel\ImagePanel.cpp">
      <Filter>Source Files</Filter>
    </ClCompile>
    <ClCompile Include="Tools\LookUpTable.cpp">
      <Filter>Source Files</Filter>
    </ClCompile>
    <ClCompile Include="Tools\RawImage.cpp">
      <Filter>Source Files</Filter>
    </ClCompile>
    <ClCompile Include="Tools\Image.cpp">
      <Filter>Source Files</Filter>
    </ClCompile>
    <ClCompile Include="Dialog\ScaleDialog.cpp">
      <Filter>Source Files</Filter>
    </ClCompile>
  </ItemGroup>
  <ItemGroup>
    <ClInclude Include="Frame\MainWindow.h">
      <Filter>Header Files</Filter>
    </ClInclude>
    <ClInclude Include="Dialog\TLinealDialog.h">
      <Filter>Header Files</Filter>
    </ClInclude>
    <ClInclude Include="Dialog\BCLinealDialog.h">
      <Filter>Header Files</Filter>
    </ClInclude>
    <ClInclude Include="Dialog\HEspecificationDialog.h">
      <Filter>Header Files</Filter>
    </ClInclude>
    <ClInclude Include="Frame\HistogramFrame.h">
      <Filter>Header Files</Filter>
    </ClInclude>
    <ClInclude Include="Frame\ImageFrame.h">
      <Filter>Header Files</Filter>
    </ClInclude>
    <ClInclude Include="Frame\ImageInfoFrame.h">
      <Filter>Header Files</Filter>
    </ClInclude>
    <ClInclude Include="Panel\HistogramPanel.h">
      <Filter>Header Files</Filter>
    </ClInclude>
    <ClInclude Include="Panel\ImagePanel.h">
      <Filter>Header Files</Filter>
    </ClInclude>
    <ClInclude Include="Tools\LookUpTable.h">
      <Filter>Header Files</Filter>
    </ClInclude>
    <ClInclude Include="Tools\RawImage.h">
      <Filter>Header Files</Filter>
    </ClInclude>
    <ClInclude Include="Tools\Image.h">
      <Filter>Header Files</Filter>
    </ClInclude>
    <ClInclude Include="Dialog\ScaleDialog.h">
      <Filter>Header Files</Filter>
    </ClInclude>
  </ItemGroup>
</Project>